
Microsoft Visual Studio Solution File, Format Version 12.00
# Visual Studio 15
VisualStudioVersion = 15.0.28010.2003
MinimumVisualStudioVersion = 10.0.40219.1
Project("{FAE04EC0-301F-11D3-BF4B-00C04F79EFBC}") = "RetirementCalculator", "RetirementCalculator\RetirementCalculator.csproj", "{04C19C8F-6AB6-435F-A986-160DA91D432B}"
EndProject
Project("{FAE04EC0-301F-11D3-BF4B-00C04F79EFBC}") = "RetirementCalculatorWindow", "RetirementCalculatorWindow\RetirementCalculatorWindow.csproj", "{2C553A1B-BA1E-43D9-B660-C15FBCBE9365}"
EndProject
Global
	GlobalSection(SolutionConfigurationPlatforms) = preSolution
		Debug|Any CPU = Debug|Any CPU
		Release|Any CPU = Release|Any CPU
	EndGlobalSection
	GlobalSection(ProjectConfigurationPlatforms) = postSolution
		{04C19C8F-6AB6-435F-A986-160DA91D432B}.Debug|Any CPU.ActiveCfg = Debug|Any CPU
		{04C19C8F-6AB6-435F-A986-160DA91D432B}.Debug|Any CPU.Build.0 = Debug|Any CPU
		{04C19C8F-6AB6-435F-A986-160DA91D432B}.Release|Any CPU.ActiveCfg = Release|Any CPU
		{04C19C8F-6AB6-435F-A986-160DA91D432B}.Release|Any CPU.Build.0 = Release|Any CPU
		{2C553A1B-BA1E-43D9-B660-C15FBCBE9365}.Debug|Any CPU.ActiveCfg = Debug|Any CPU
		{2C553A1B-BA1E-43D9-B660-C15FBCBE9365}.Debug|Any CPU.Build.0 = Debug|Any CPU
		{2C553A1B-BA1E-43D9-B660-C15FBCBE9365}.Release|Any CPU.ActiveCfg = Release|Any CPU
		{2C553A1B-BA1E-43D9-B660-C15FBCBE9365}.Release|Any CPU.Build.0 = Release|Any CPU
	EndGlobalSection
	GlobalSection(SolutionProperties) = preSolution
		HideSolutionNode = FALSE
	EndGlobalSection
	GlobalSection(ExtensibilityGlobals) = postSolution
		SolutionGuid = {79B6D5BA-DB1C-4F5F-B932-E229F84EEF1B}
	EndGlobalSection
EndGlobal
