
Microsoft Visual Studio Solution File, Format Version 12.00
# Visual Studio 15
VisualStudioVersion = 15.0.28010.2003
MinimumVisualStudioVersion = 10.0.40219.1
Project("{FAE04EC0-301F-11D3-BF4B-00C04F79EFBC}") = "FinalProjectSnakeGame", "FinalProjectSnakeGame\FinalProjectSnakeGame.csproj", "{95334E89-88F0-431E-9C5B-82ADAF25E75F}"
EndProject
Global
	GlobalSection(SolutionConfigurationPlatforms) = preSolution
		Debug|Any CPU = Debug|Any CPU
		Release|Any CPU = Release|Any CPU
	EndGlobalSection
	GlobalSection(ProjectConfigurationPlatforms) = postSolution
		{95334E89-88F0-431E-9C5B-82ADAF25E75F}.Debug|Any CPU.ActiveCfg = Debug|Any CPU
		{95334E89-88F0-431E-9C5B-82ADAF25E75F}.Debug|Any CPU.Build.0 = Debug|Any CPU
		{95334E89-88F0-431E-9C5B-82ADAF25E75F}.Release|Any CPU.ActiveCfg = Release|Any CPU
		{95334E89-88F0-431E-9C5B-82ADAF25E75F}.Release|Any CPU.Build.0 = Release|Any CPU
	EndGlobalSection
	GlobalSection(SolutionProperties) = preSolution
		HideSolutionNode = FALSE
	EndGlobalSection
	GlobalSection(ExtensibilityGlobals) = postSolution
		SolutionGuid = {F6DEBEF3-0721-4105-9D3F-4B26FCF3B6C9}
	EndGlobalSection
EndGlobal
